
Microsoft Visual Studio Solution File, Format Version 12.00
# Visual Studio Version 17
VisualStudioVersion = 17.5.33414.496
MinimumVisualStudioVersion = 10.0.40219.1
Project("{FAE04EC0-301F-11D3-BF4B-00C04F79EFBC}") = "yes", "yes.csproj", "{D83E8042-57B4-4835-8205-432BF18F2D48}"
EndProject
Global
	GlobalSection(SolutionConfigurationPlatforms) = preSolution
		Debug|Any CPU = Debug|Any CPU
		Release|Any CPU = Release|Any CPU
	EndGlobalSection
	GlobalSection(ProjectConfigurationPlatforms) = postSolution
		{D83E8042-57B4-4835-8205-432BF18F2D48}.Debug|Any CPU.ActiveCfg = Debug|Any CPU
		{D83E8042-57B4-4835-8205-432BF18F2D48}.Debug|Any CPU.Build.0 = Debug|Any CPU
		{D83E8042-57B4-4835-8205-432BF18F2D48}.Release|Any CPU.ActiveCfg = Release|Any CPU
		{D83E8042-57B4-4835-8205-432BF18F2D48}.Release|Any CPU.Build.0 = Release|Any CPU
	EndGlobalSection
	GlobalSection(SolutionProperties) = preSolution
		HideSolutionNode = FALSE
	EndGlobalSection
	GlobalSection(ExtensibilityGlobals) = postSolution
		SolutionGuid = {788AB02A-E1C3-4357-81AA-BCCA66847F63}
	EndGlobalSection
EndGlobal
